// !$*UTF8*$!
{
	archiveVersion = 1;
	classes = {
	};
	objectVersion = 51;
	objects = {

/* Begin PBXBuildFile section */
		32372CC02490CE5000BA312E /* NetworkServices.swift in Sources */ = {isa = PBXBuildFile; fileRef = 32372CBF2490CE5000BA312E /* NetworkServices.swift */; };
		32372CC4249137B600BA312E /* Extensions.swift in Sources */ = {isa = PBXBuildFile; fileRef = 32372CC3249137B600BA312E /* Extensions.swift */; };
		325AD55524D308CE0071897B /* Pods_IpLocationFinder.framework in Frameworks */ = {isa = PBXBuildFile; fileRef = 610F1002498D506E91540537 /* Pods_IpLocationFinder.framework */; };
		327A30A4248577D400111AEB /* AppDelegate.swift in Sources */ = {isa = PBXBuildFile; fileRef = 327A30A3248577D400111AEB /* AppDelegate.swift */; };
		327A30A6248577D400111AEB /* SceneDelegate.swift in Sources */ = {isa = PBXBuildFile; fileRef = 327A30A5248577D400111AEB /* SceneDelegate.swift */; };
		327A30A8248577D400111AEB /* MainViewController.swift in Sources */ = {isa = PBXBuildFile; fileRef = 327A30A7248577D400111AEB /* MainViewController.swift */; };
		327A30AB248577D400111AEB /* Main.storyboard in Resources */ = {isa = PBXBuildFile; fileRef = 327A30A9248577D400111AEB /* Main.storyboard */; };
		327A30AD248577D900111AEB /* Assets.xcassets in Resources */ = {isa = PBXBuildFile; fileRef = 327A30AC248577D900111AEB /* Assets.xcassets */; };
		327A30B0248577D900111AEB /* LaunchScreen.storyboard in Resources */ = {isa = PBXBuildFile; fileRef = 327A30AE248577D900111AEB /* LaunchScreen.storyboard */; };
		327A30C02486445100111AEB /* MapViewController.swift in Sources */ = {isa = PBXBuildFile; fileRef = 327A30BF2486445100111AEB /* MapViewController.swift */; };
		328B92C824B6616D0050E3F0 /* Model.swift in Sources */ = {isa = PBXBuildFile; fileRef = 328B92C724B6616D0050E3F0 /* Model.swift */; };
		32DB16CD24E880220033CBCB /* MapViewModel.swift in Sources */ = {isa = PBXBuildFile; fileRef = 32DB16CC24E880220033CBCB /* MapViewModel.swift */; };
		32F44B1224D0BCD400FF474C /* IpLocationNetworkService.swift in Sources */ = {isa = PBXBuildFile; fileRef = 32F44B1124D0BCD400FF474C /* IpLocationNetworkService.swift */; };
		32F44B1524D0C13900FF474C /* GetResponse.swift in Sources */ = {isa = PBXBuildFile; fileRef = 32F44B1424D0C13900FF474C /* GetResponse.swift */; };
		32F44B1724D0C20C00FF474C /* Errors.swift in Sources */ = {isa = PBXBuildFile; fileRef = 32F44B1624D0C20C00FF474C /* Errors.swift */; };
/* End PBXBuildFile section */

/* Begin PBXFileReference section */
		32372CBF2490CE5000BA312E /* NetworkServices.swift */ = {isa = PBXFileReference; lastKnownFileType = sourcecode.swift; path = NetworkServices.swift; sourceTree = "<group>"; };
		32372CC3249137B600BA312E /* Extensions.swift */ = {isa = PBXFileReference; lastKnownFileType = sourcecode.swift; path = Extensions.swift; sourceTree = "<group>"; };
		327A30A0248577D400111AEB /* IpLocationFinder.app */ = {isa = PBXFileReference; explicitFileType = wrapper.application; includeInIndex = 0; path = IpLocationFinder.app; sourceTree = BUILT_PRODUCTS_DIR; };
		327A30A3248577D400111AEB /* AppDelegate.swift */ = {isa = PBXFileReference; lastKnownFileType = sourcecode.swift; path = AppDelegate.swift; sourceTree = "<group>"; };
		327A30A5248577D400111AEB /* SceneDelegate.swift */ = {isa = PBXFileReference; lastKnownFileType = sourcecode.swift; path = SceneDelegate.swift; sourceTree = "<group>"; };
		327A30A7248577D400111AEB /* MainViewController.swift */ = {isa = PBXFileReference; lastKnownFileType = sourcecode.swift; path = MainViewController.swift; sourceTree = "<group>"; };
		327A30AA248577D400111AEB /* Base */ = {isa = PBXFileReference; lastKnownFileType = file.storyboard; name = Base; path = Base.lproj/Main.storyboard; sourceTree = "<group>"; };
		327A30AC248577D900111AEB /* Assets.xcassets */ = {isa = PBXFileReference; lastKnownFileType = folder.assetcatalog; path = Assets.xcassets; sourceTree = "<group>"; };
		327A30AF248577D900111AEB /* Base */ = {isa = PBXFileReference; lastKnownFileType = file.storyboard; name = Base; path = Base.lproj/LaunchScreen.storyboard; sourceTree = "<group>"; };
		327A30B1248577D900111AEB /* Info.plist */ = {isa = PBXFileReference; lastKnownFileType = text.plist.xml; path = Info.plist; sourceTree = "<group>"; };
		327A30B7248581AF00111AEB /* Alamofire.framework */ = {isa = PBXFileReference; explicitFileType = wrapper.framework; path = Alamofire.framework; sourceTree = BUILT_PRODUCTS_DIR; };
		327A30BF2486445100111AEB /* MapViewController.swift */ = {isa = PBXFileReference; lastKnownFileType = sourcecode.swift; path = MapViewController.swift; sourceTree = "<group>"; };
		328B92C724B6616D0050E3F0 /* Model.swift */ = {isa = PBXFileReference; lastKnownFileType = sourcecode.swift; path = Model.swift; sourceTree = "<group>"; };
		32DB16CC24E880220033CBCB /* MapViewModel.swift */ = {isa = PBXFileReference; lastKnownFileType = sourcecode.swift; path = MapViewModel.swift; sourceTree = "<group>"; };
		32F44B1124D0BCD400FF474C /* IpLocationNetworkService.swift */ = {isa = PBXFileReference; lastKnownFileType = sourcecode.swift; path = IpLocationNetworkService.swift; sourceTree = "<group>"; };
		32F44B1424D0C13900FF474C /* GetResponse.swift */ = {isa = PBXFileReference; lastKnownFileType = sourcecode.swift; path = GetResponse.swift; sourceTree = "<group>"; };
		32F44B1624D0C20C00FF474C /* Errors.swift */ = {isa = PBXFileReference; lastKnownFileType = sourcecode.swift; path = Errors.swift; sourceTree = "<group>"; };
		3426323B399E8429C47D212B /* Pods-IpLocationFinder.debug.xcconfig */ = {isa = PBXFileReference; includeInIndex = 1; lastKnownFileType = text.xcconfig; name = "Pods-IpLocationFinder.debug.xcconfig"; path = "Target Support Files/Pods-IpLocationFinder/Pods-IpLocationFinder.debug.xcconfig"; sourceTree = "<group>"; };
		610F1002498D506E91540537 /* Pods_IpLocationFinder.framework */ = {isa = PBXFileReference; explicitFileType = wrapper.framework; includeInIndex = 0; path = Pods_IpLocationFinder.framework; sourceTree = BUILT_PRODUCTS_DIR; };
		D1C3135A821766BE82FB0214 /* Pods-IpLocationFinder.release.xcconfig */ = {isa = PBXFileReference; includeInIndex = 1; lastKnownFileType = text.xcconfig; name = "Pods-IpLocationFinder.release.xcconfig"; path = "Target Support Files/Pods-IpLocationFinder/Pods-IpLocationFinder.release.xcconfig"; sourceTree = "<group>"; };
/* End PBXFileReference section */

/* Begin PBXFrameworksBuildPhase section */
		327A309D248577D400111AEB /* Frameworks */ = {
			isa = PBXFrameworksBuildPhase;
			buildActionMask = 2147483647;
			files = (
				325AD55524D308CE0071897B /* Pods_IpLocationFinder.framework in Frameworks */,
			);
			runOnlyForDeploymentPostprocessing = 0;
		};
/* End PBXFrameworksBuildPhase section */

/* Begin PBXGroup section */
		169E53526FA1D714CD7FB716 /* Frameworks */ = {
			isa = PBXGroup;
			children = (
				327A30B7248581AF00111AEB /* Alamofire.framework */,
				610F1002498D506E91540537 /* Pods_IpLocationFinder.framework */,
			);
			name = Frameworks;
			sourceTree = "<group>";
		};
		324F6C5924D0495400469185 /* Application */ = {
			isa = PBXGroup;
			children = (
				324F6C5C24D0498300469185 /* Model */,
				324F6C5B24D0497500469185 /* View */,
				324F6C5A24D0496800469185 /* Controller */,
				324F6C6724D04B7300469185 /* NetworkServices */,
			);
			name = Application;
			sourceTree = "<group>";
		};
		324F6C5A24D0496800469185 /* Controller */ = {
			isa = PBXGroup;
			children = (
				327A30A3248577D400111AEB /* AppDelegate.swift */,
				327A30A5248577D400111AEB /* SceneDelegate.swift */,
			);
			path = Controller;
			sourceTree = "<group>";
		};
		324F6C5B24D0497500469185 /* View */ = {
			isa = PBXGroup;
			children = (
				327A30AE248577D900111AEB /* LaunchScreen.storyboard */,
				327A30A9248577D400111AEB /* Main.storyboard */,
			);
			path = View;
			sourceTree = "<group>";
		};
		324F6C5C24D0498300469185 /* Model */ = {
			isa = PBXGroup;
			children = (
				32F44B1624D0C20C00FF474C /* Errors.swift */,
			);
			path = Model;
			sourceTree = "<group>";
		};
		324F6C5D24D049B300469185 /* Main */ = {
			isa = PBXGroup;
			children = (
				324F6C6424D04A4400469185 /* Model */,
				324F6C6324D04A4100469185 /* View */,
				324F6C6224D04A3E00469185 /* Controller */,
				32F44B1024D0BC9F00FF474C /* IpLocationNetworkService */,
			);
			path = Main;
			sourceTree = "<group>";
		};
		324F6C5E24D04A0800469185 /* Map */ = {
			isa = PBXGroup;
			children = (
				324F6C6124D04A3B00469185 /* Model */,
				324F6C6024D04A3700469185 /* View */,
				324F6C6524D04A8C00469185 /* Controller */,
			);
			name = Map;
			path = IpLocationFinder;
			sourceTree = "<group>";
		};
		324F6C6024D04A3700469185 /* View */ = {
			isa = PBXGroup;
			children = (
			);
			name = View;
			sourceTree = "<group>";
		};
		324F6C6124D04A3B00469185 /* Model */ = {
			isa = PBXGroup;
			children = (
				32DB16CC24E880220033CBCB /* MapViewModel.swift */,
			);
			name = Model;
			sourceTree = "<group>";
		};
		324F6C6224D04A3E00469185 /* Controller */ = {
			isa = PBXGroup;
			children = (
				327A30A7248577D400111AEB /* MainViewController.swift */,
			);
			name = Controller;
			sourceTree = "<group>";
		};
		324F6C6324D04A4100469185 /* View */ = {
			isa = PBXGroup;
			children = (
			);
			path = View;
			sourceTree = "<group>";
		};
		324F6C6424D04A4400469185 /* Model */ = {
			isa = PBXGroup;
			children = (
				32F44B1324D0C10000FF474C /* Responses */,
				328B92C724B6616D0050E3F0 /* Model.swift */,
			);
			name = Model;
			sourceTree = "<group>";
		};
		324F6C6524D04A8C00469185 /* Controller */ = {
			isa = PBXGroup;
			children = (
				327A30BF2486445100111AEB /* MapViewController.swift */,
			);
			name = Controller;
			sourceTree = "<group>";
		};
		324F6C6624D04AAE00469185 /* Supporting Files */ = {
			isa = PBXGroup;
			children = (
				327A30B1248577D900111AEB /* Info.plist */,
				327A30AC248577D900111AEB /* Assets.xcassets */,
			);
			path = "Supporting Files";
			sourceTree = "<group>";
		};
		324F6C6724D04B7300469185 /* NetworkServices */ = {
			isa = PBXGroup;
			children = (
				32372CBF2490CE5000BA312E /* NetworkServices.swift */,
			);
			name = NetworkServices;
			sourceTree = "<group>";
		};
		324F6C6824D04BA200469185 /* Extensions */ = {
			isa = PBXGroup;
			children = (
				32372CC3249137B600BA312E /* Extensions.swift */,
			);
			path = Extensions;
			sourceTree = "<group>";
		};
		327A3097248577D400111AEB = {
			isa = PBXGroup;
			children = (
				327A30A2248577D400111AEB /* IpLocationFinder */,
				324F6C5D24D049B300469185 /* Main */,
				324F6C5E24D04A0800469185 /* Map */,
				324F6C6624D04AAE00469185 /* Supporting Files */,
				327A30A1248577D400111AEB /* Products */,
				E739D05BFC9CCCC0E2C1504A /* Pods */,
				169E53526FA1D714CD7FB716 /* Frameworks */,
				324F6C6824D04BA200469185 /* Extensions */,
			);
			sourceTree = "<group>";
		};
		327A30A1248577D400111AEB /* Products */ = {
			isa = PBXGroup;
			children = (
				327A30A0248577D400111AEB /* IpLocationFinder.app */,
			);
			name = Products;
			sourceTree = "<group>";
		};
		327A30A2248577D400111AEB /* IpLocationFinder */ = {
			isa = PBXGroup;
			children = (
				324F6C5924D0495400469185 /* Application */,
			);
			path = IpLocationFinder;
			sourceTree = "<group>";
		};
		32F44B1024D0BC9F00FF474C /* IpLocationNetworkService */ = {
			isa = PBXGroup;
			children = (
				32F44B1124D0BCD400FF474C /* IpLocationNetworkService.swift */,
			);
			name = IpLocationNetworkService;
			sourceTree = "<group>";
		};
		32F44B1324D0C10000FF474C /* Responses */ = {
			isa = PBXGroup;
			children = (
				32F44B1424D0C13900FF474C /* GetResponse.swift */,
			);
			path = Responses;
			sourceTree = "<group>";
		};
		E739D05BFC9CCCC0E2C1504A /* Pods */ = {
			isa = PBXGroup;
			children = (
				3426323B399E8429C47D212B /* Pods-IpLocationFinder.debug.xcconfig */,
				D1C3135A821766BE82FB0214 /* Pods-IpLocationFinder.release.xcconfig */,
			);
			path = Pods;
			sourceTree = "<group>";
		};
/* End PBXGroup section */

/* Begin PBXNativeTarget section */
		327A309F248577D400111AEB /* IpLocationFinder */ = {
			isa = PBXNativeTarget;
			buildConfigurationList = 327A30B4248577D900111AEB /* Build configuration list for PBXNativeTarget "IpLocationFinder" */;
			buildPhases = (
				C7E4E34988791638038263B9 /* [CP] Check Pods Manifest.lock */,
				327A309C248577D400111AEB /* Sources */,
				327A309D248577D400111AEB /* Frameworks */,
				327A309E248577D400111AEB /* Resources */,
				DBC02D1A30E32CF1C904FCC1 /* [CP] Embed Pods Frameworks */,
			);
			buildRules = (
			);
			dependencies = (
			);
			name = IpLocationFinder;
			productName = IpLocationFinder;
			productReference = 327A30A0248577D400111AEB /* IpLocationFinder.app */;
			productType = "com.apple.product-type.application";
		};
/* End PBXNativeTarget section */

/* Begin PBXProject section */
		327A3098248577D400111AEB /* Project object */ = {
			isa = PBXProject;
			attributes = {
				LastSwiftUpdateCheck = 1140;
				LastUpgradeCheck = 1140;
				ORGANIZATIONNAME = "Алексей Чигарских";
				TargetAttributes = {
					327A309F248577D400111AEB = {
						CreatedOnToolsVersion = 11.4.1;
					};
				};
			};
			buildConfigurationList = 327A309B248577D400111AEB /* Build configuration list for PBXProject "IpLocationFinder" */;
			compatibilityVersion = "Xcode 9.3";
			developmentRegion = en;
			hasScannedForEncodings = 0;
			knownRegions = (
				en,
				Base,
			);
			mainGroup = 327A3097248577D400111AEB;
			productRefGroup = 327A30A1248577D400111AEB /* Products */;
			projectDirPath = "";
			projectRoot = "";
			targets = (
				327A309F248577D400111AEB /* IpLocationFinder */,
			);
		};
/* End PBXProject section */

/* Begin PBXResourcesBuildPhase section */
		327A309E248577D400111AEB /* Resources */ = {
			isa = PBXResourcesBuildPhase;
			buildActionMask = 2147483647;
			files = (
				327A30B0248577D900111AEB /* LaunchScreen.storyboard in Resources */,
				327A30AD248577D900111AEB /* Assets.xcassets in Resources */,
				327A30AB248577D400111AEB /* Main.storyboard in Resources */,
			);
			runOnlyForDeploymentPostprocessing = 0;
		};
/* End PBXResourcesBuildPhase section */

/* Begin PBXShellScriptBuildPhase section */
		C7E4E34988791638038263B9 /* [CP] Check Pods Manifest.lock */ = {
			isa = PBXShellScriptBuildPhase;
			buildActionMask = 2147483647;
			files = (
			);
			inputFileListPaths = (
			);
			inputPaths = (
				"${PODS_PODFILE_DIR_PATH}/Podfile.lock",
				"${PODS_ROOT}/Manifest.lock",
			);
			name = "[CP] Check Pods Manifest.lock";
			outputFileListPaths = (
			);
			outputPaths = (
				"$(DERIVED_FILE_DIR)/Pods-IpLocationFinder-checkManifestLockResult.txt",
			);
			runOnlyForDeploymentPostprocessing = 0;
			shellPath = /bin/sh;
			shellScript = "diff \"${PODS_PODFILE_DIR_PATH}/Podfile.lock\" \"${PODS_ROOT}/Manifest.lock\" > /dev/null\nif [ $? != 0 ] ; then\n    # print error to STDERR\n    echo \"error: The sandbox is not in sync with the Podfile.lock. Run 'pod install' or update your CocoaPods installation.\" >&2\n    exit 1\nfi\n# This output is used by Xcode 'outputs' to avoid re-running this script phase.\necho \"SUCCESS\" > \"${SCRIPT_OUTPUT_FILE_0}\"\n";
			showEnvVarsInLog = 0;
		};
		DBC02D1A30E32CF1C904FCC1 /* [CP] Embed Pods Frameworks */ = {
			isa = PBXShellScriptBuildPhase;
			buildActionMask = 2147483647;
			files = (
			);
			inputFileListPaths = (
				"${PODS_ROOT}/Target Support Files/Pods-IpLocationFinder/Pods-IpLocationFinder-frameworks-${CONFIGURATION}-input-files.xcfilelist",
			);
			name = "[CP] Embed Pods Frameworks";
			outputFileListPaths = (
				"${PODS_ROOT}/Target Support Files/Pods-IpLocationFinder/Pods-IpLocationFinder-frameworks-${CONFIGURATION}-output-files.xcfilelist",
			);
			runOnlyForDeploymentPostprocessing = 0;
			shellPath = /bin/sh;
			shellScript = "\"${PODS_ROOT}/Target Support Files/Pods-IpLocationFinder/Pods-IpLocationFinder-frameworks.sh\"\n";
			showEnvVarsInLog = 0;
		};
/* End PBXShellScriptBuildPhase section */

/* Begin PBXSourcesBuildPhase section */
		327A309C248577D400111AEB /* Sources */ = {
			isa = PBXSourcesBuildPhase;
			buildActionMask = 2147483647;
			files = (
				328B92C824B6616D0050E3F0 /* Model.swift in Sources */,
				32372CC02490CE5000BA312E /* NetworkServices.swift in Sources */,
				32F44B1524D0C13900FF474C /* GetResponse.swift in Sources */,
				327A30A8248577D400111AEB /* MainViewController.swift in Sources */,
				327A30A4248577D400111AEB /* AppDelegate.swift in Sources */,
				327A30A6248577D400111AEB /* SceneDelegate.swift in Sources */,
				32DB16CD24E880220033CBCB /* MapViewModel.swift in Sources */,
				32F44B1724D0C20C00FF474C /* Errors.swift in Sources */,
				327A30C02486445100111AEB /* MapViewController.swift in Sources */,
				32F44B1224D0BCD400FF474C /* IpLocationNetworkService.swift in Sources */,
				32372CC4249137B600BA312E /* Extensions.swift in Sources */,
			);
			runOnlyForDeploymentPostprocessing = 0;
		};
/* End PBXSourcesBuildPhase section */

/* Begin PBXVariantGroup section */
		327A30A9248577D400111AEB /* Main.storyboard */ = {
			isa = PBXVariantGroup;
			children = (
				327A30AA248577D400111AEB /* Base */,
			);
			name = Main.storyboard;
			sourceTree = "<group>";
		};
		327A30AE248577D900111AEB /* LaunchScreen.storyboard */ = {
			isa = PBXVariantGroup;
			children = (
				327A30AF248577D900111AEB /* Base */,
			);
			name = LaunchScreen.storyboard;
			sourceTree = "<group>";
		};
/* End PBXVariantGroup section */

/* Begin XCBuildConfiguration section */
		327A30B2248577D900111AEB /* Debug */ = {
			isa = XCBuildConfiguration;
			buildSettings = {
				ALWAYS_SEARCH_USER_PATHS = NO;
				CLANG_ANALYZER_NONNULL = YES;
				CLANG_ANALYZER_NUMBER_OBJECT_CONVERSION = YES_AGGRESSIVE;
				CLANG_CXX_LANGUAGE_STANDARD = "gnu++14";
				CLANG_CXX_LIBRARY = "libc++";
				CLANG_ENABLE_MODULES = YES;
				CLANG_ENABLE_OBJC_ARC = YES;
				CLANG_ENABLE_OBJC_WEAK = YES;
				CLANG_WARN_BLOCK_CAPTURE_AUTORELEASING = YES;
				CLANG_WARN_BOOL_CONVERSION = YES;
				CLANG_WARN_COMMA = YES;
				CLANG_WARN_CONSTANT_CONVERSION = YES;
				CLANG_WARN_DEPRECATED_OBJC_IMPLEMENTATIONS = YES;
				CLANG_WARN_DIRECT_OBJC_ISA_USAGE = YES_ERROR;
				CLANG_WARN_DOCUMENTATION_COMMENTS = YES;
				CLANG_WARN_EMPTY_BODY = YES;
				CLANG_WARN_ENUM_CONVERSION = YES;
				CLANG_WARN_INFINITE_RECURSION = YES;
				CLANG_WARN_INT_CONVERSION = YES;
				CLANG_WARN_NON_LITERAL_NULL_CONVERSION = YES;
				CLANG_WARN_OBJC_IMPLICIT_RETAIN_SELF = YES;
				CLANG_WARN_OBJC_LITERAL_CONVERSION = YES;
				CLANG_WARN_OBJC_ROOT_CLASS = YES_ERROR;
				CLANG_WARN_RANGE_LOOP_ANALYSIS = YES;
				CLANG_WARN_STRICT_PROTOTYPES = YES;
				CLANG_WARN_SUSPICIOUS_MOVE = YES;
				CLANG_WARN_UNGUARDED_AVAILABILITY = YES_AGGRESSIVE;
				CLANG_WARN_UNREACHABLE_CODE = YES;
				CLANG_WARN__DUPLICATE_METHOD_MATCH = YES;
				COPY_PHASE_STRIP = NO;
				DEBUG_INFORMATION_FORMAT = dwarf;
				ENABLE_STRICT_OBJC_MSGSEND = YES;
				ENABLE_TESTABILITY = YES;
				GCC_C_LANGUAGE_STANDARD = gnu11;
				GCC_DYNAMIC_NO_PIC = NO;
				GCC_NO_COMMON_BLOCKS = YES;
				GCC_OPTIMIZATION_LEVEL = 0;
				GCC_PREPROCESSOR_DEFINITIONS = (
					"DEBUG=1",
					"$(inherited)",
				);
				GCC_WARN_64_TO_32_BIT_CONVERSION = YES;
				GCC_WARN_ABOUT_RETURN_TYPE = YES_ERROR;
				GCC_WARN_UNDECLARED_SELECTOR = YES;
				GCC_WARN_UNINITIALIZED_AUTOS = YES_AGGRESSIVE;
				GCC_WARN_UNUSED_FUNCTION = YES;
				GCC_WARN_UNUSED_VARIABLE = YES;
				INFOPLIST_FILE = "Supporting Files/Info.plist";
				IPHONEOS_DEPLOYMENT_TARGET = 13.4;
				MTL_ENABLE_DEBUG_INFO = INCLUDE_SOURCE;
				MTL_FAST_MATH = YES;
				ONLY_ACTIVE_ARCH = YES;
				SDKROOT = iphoneos;
				SWIFT_ACTIVE_COMPILATION_CONDITIONS = DEBUG;
				SWIFT_OPTIMIZATION_LEVEL = "-Onone";
			};
			name = Debug;
		};
		327A30B3248577D900111AEB /* Release */ = {
			isa = XCBuildConfiguration;
			buildSettings = {
				ALWAYS_SEARCH_USER_PATHS = NO;
				CLANG_ANALYZER_NONNULL = YES;
				CLANG_ANALYZER_NUMBER_OBJECT_CONVERSION = YES_AGGRESSIVE;
				CLANG_CXX_LANGUAGE_STANDARD = "gnu++14";
				CLANG_CXX_LIBRARY = "libc++";
				CLANG_ENABLE_MODULES = YES;
				CLANG_ENABLE_OBJC_ARC = YES;
				CLANG_ENABLE_OBJC_WEAK = YES;
				CLANG_WARN_BLOCK_CAPTURE_AUTORELEASING = YES;
				CLANG_WARN_BOOL_CONVERSION = YES;
				CLANG_WARN_COMMA = YES;
				CLANG_WARN_CONSTANT_CONVERSION = YES;
				CLANG_WARN_DEPRECATED_OBJC_IMPLEMENTATIONS = YES;
				CLANG_WARN_DIRECT_OBJC_ISA_USAGE = YES_ERROR;
				CLANG_WARN_DOCUMENTATION_COMMENTS = YES;
				CLANG_WARN_EMPTY_BODY = YES;
				CLANG_WARN_ENUM_CONVERSION = YES;
				CLANG_WARN_INFINITE_RECURSION = YES;
				CLANG_WARN_INT_CONVERSION = YES;
				CLANG_WARN_NON_LITERAL_NULL_CONVERSION = YES;
				CLANG_WARN_OBJC_IMPLICIT_RETAIN_SELF = YES;
				CLANG_WARN_OBJC_LITERAL_CONVERSION = YES;
				CLANG_WARN_OBJC_ROOT_CLASS = YES_ERROR;
				CLANG_WARN_RANGE_LOOP_ANALYSIS = YES;
				CLANG_WARN_STRICT_PROTOTYPES = YES;
				CLANG_WARN_SUSPICIOUS_MOVE = YES;
				CLANG_WARN_UNGUARDED_AVAILABILITY = YES_AGGRESSIVE;
				CLANG_WARN_UNREACHABLE_CODE = YES;
				CLANG_WARN__DUPLICATE_METHOD_MATCH = YES;
				COPY_PHASE_STRIP = NO;
				DEBUG_INFORMATION_FORMAT = "dwarf-with-dsym";
				ENABLE_NS_ASSERTIONS = NO;
				ENABLE_STRICT_OBJC_MSGSEND = YES;
				GCC_C_LANGUAGE_STANDARD = gnu11;
				GCC_NO_COMMON_BLOCKS = YES;
				GCC_WARN_64_TO_32_BIT_CONVERSION = YES;
				GCC_WARN_ABOUT_RETURN_TYPE = YES_ERROR;
				GCC_WARN_UNDECLARED_SELECTOR = YES;
				GCC_WARN_UNINITIALIZED_AUTOS = YES_AGGRESSIVE;
				GCC_WARN_UNUSED_FUNCTION = YES;
				GCC_WARN_UNUSED_VARIABLE = YES;
				INFOPLIST_FILE = "Supporting Files/Info.plist";
				IPHONEOS_DEPLOYMENT_TARGET = 13.4;
				MTL_ENABLE_DEBUG_INFO = NO;
				MTL_FAST_MATH = YES;
				SDKROOT = iphoneos;
				SWIFT_COMPILATION_MODE = wholemodule;
				SWIFT_OPTIMIZATION_LEVEL = "-O";
				VALIDATE_PRODUCT = YES;
			};
			name = Release;
		};
		327A30B5248577D900111AEB /* Debug */ = {
			isa = XCBuildConfiguration;
			baseConfigurationReference = 3426323B399E8429C47D212B /* Pods-IpLocationFinder.debug.xcconfig */;
			buildSettings = {
				ASSETCATALOG_COMPILER_APPICON_NAME = AppIcon;
				CODE_SIGN_STYLE = Automatic;
				DEVELOPMENT_TEAM = 84ZHP38C6Z;
				INFOPLIST_FILE = "Supporting Files/Info.plist";
				IPHONEOS_DEPLOYMENT_TARGET = 13.0;
				LD_RUNPATH_SEARCH_PATHS = (
					"$(inherited)",
					"@executable_path/Frameworks",
				);
				PRODUCT_BUNDLE_IDENTIFIER = com.surfSpot.IpLocationFinder;
				PRODUCT_NAME = "$(TARGET_NAME)";
				SWIFT_VERSION = 5.0;
				TARGETED_DEVICE_FAMILY = 1;
			};
			name = Debug;
		};
		327A30B6248577D900111AEB /* Release */ = {
			isa = XCBuildConfiguration;
			baseConfigurationReference = D1C3135A821766BE82FB0214 /* Pods-IpLocationFinder.release.xcconfig */;
			buildSettings = {
				ASSETCATALOG_COMPILER_APPICON_NAME = AppIcon;
				CODE_SIGN_STYLE = Automatic;
				DEVELOPMENT_TEAM = 84ZHP38C6Z;
				INFOPLIST_FILE = "Supporting Files/Info.plist";
				IPHONEOS_DEPLOYMENT_TARGET = 13.0;
				LD_RUNPATH_SEARCH_PATHS = (
					"$(inherited)",
					"@executable_path/Frameworks",
				);
				PRODUCT_BUNDLE_IDENTIFIER = com.surfSpot.IpLocationFinder;
				PRODUCT_NAME = "$(TARGET_NAME)";
				SWIFT_VERSION = 5.0;
				TARGETED_DEVICE_FAMILY = 1;
			};
			name = Release;
		};
/* End XCBuildConfiguration section */

/* Begin XCConfigurationList section */
		327A309B248577D400111AEB /* Build configuration list for PBXProject "IpLocationFinder" */ = {
			isa = XCConfigurationList;
			buildConfigurations = (
				327A30B2248577D900111AEB /* Debug */,
				327A30B3248577D900111AEB /* Release */,
			);
			defaultConfigurationIsVisible = 0;
			defaultConfigurationName = Release;
		};
		327A30B4248577D900111AEB /* Build configuration list for PBXNativeTarget "IpLocationFinder" */ = {
			isa = XCConfigurationList;
			buildConfigurations = (
				327A30B5248577D900111AEB /* Debug */,
				327A30B6248577D900111AEB /* Release */,
			);
			defaultConfigurationIsVisible = 0;
			defaultConfigurationName = Release;
		};
/* End XCConfigurationList section */
	};
	rootObject = 327A3098248577D400111AEB /* Project object */;
}
